github.com/hajimehoshi/oto v0.5.4 h1:Dn+WcYeF310xqStKm0tnvoruYUV5Sce8+sfUaIvWGkE=
github.com/hajimehoshi/oto v0.5.4/go.mod h1:0QXGEkbuJRohbJaxr7ZQSxnju7hEhseiPx2hrh6raOI=
github.com/rocket049/gettext-go v0.0.0-20190410112519-14a7c4752bef h1:RmNQgTGRjCn2ZA7mR52Wu8F9mB0lJC5+ayUEbzPIt+Y=
github.com/rocket049/gettext-go v0.0.0-20190410112519-14a7c4752bef/go.mod h1:kwHzDYyH1mBSE4+qy9lA14PHalXGgmolkS7Em8dwNOw=
github.com/rocket049/go-locale v0.0.0-20190410112613-f30d0ad89b65 h1:f/5CdNFwIu2OD5H+HBV2NrHU4+fpRQ+hn7P2n4uxgoQ=
github.com/rocket049/go-locale v0.0.0-20190410112613-f30d0ad89b65/go.mod h1:QYX7uwo3utb8GfO0eRbWV3uaf7NnzhIV/k+e4hnfS5c=
github.com/russross/blackfriday v1.5.2 h1:HyvC0ARfnZBqnXwABFeSZHpKvJHJJfPz81GNueLj0oo=
github.com/russross/blackfriday v1.5.2/go.mod h1:JO/DiYxRf+HjHt06OyowR9PTA263kcR/rfWxYHBV53g=
github.com/skratchdot/open-golang v0.0.0-20200116055534-eef842397966 h1:JIAuq3EEf9cgbU6AtGPK4CTG3Zf6CKMNqf0MHTggAUA=
github.com/skratchdot/open-golang v0.0.0-20200116055534-eef842397966/go.mod h1:sUM3LWHvSMaG192sy56D9F7CNvL7jUJVXoqM1QKLnog=
golang.org/x/exp v0.0.0-20190306152737-a1d7652674e8/go.mod h1:CJ0aWSM057203Lf6IL+f9T1iT9GByDxfZKAQTCR3kQA=
golang.org/x/image v0.0.0-20190227222117-0694c2d4d067/go.mod h1:kZ7UVZpmo3dzQBMxlp+ypCbDeSB+sBbTgSJuh5dn5js=
golang.org/x/mobile v0.0.0-20190415191353-3e0bab5405d6/go.mod h1:E/iHnbuqvinMTCcRqshq8CkpyQDoeVncDDYHnLhea+o=
golang.org/x/sys v0.0.0-20190312061237-fead79001313/go.mod h1:h1NjWce9XRLGQEsW7wpKNCjG9DtNlClVuFLEZdDNbEs=
golang.org/x/sys v0.0.0-20190429190828-d89cdac9e872/go.mod h1:h1NjWce9XRLGQEsW7wpKNCjG9DtNlClVuFLEZdDNbEs=
golang.org/x/text v0.3.0/go.mod h1:NqM8EUOU14njkJ3fqMW+pc6Ldnwhi/IjpwHt7yyuwOQ=
