github.com/rocket049/powerchat v1.3.14 h1:OrQ2yL/NR4il1P8OxnrvHgQuPLNq190AEtJNSGdp/vg=
github.com/rocket049/powerchat v1.3.14/go.mod h1:Q0a+WBSWfGf5Balx0hDMLAAjw5UQie0FzIdnN2Q/0HE=
github.com/russross/blackfriday v1.5.2 h1:HyvC0ARfnZBqnXwABFeSZHpKvJHJJfPz81GNueLj0oo=
github.com/russross/blackfriday v1.5.2/go.mod h1:JO/DiYxRf+HjHt06OyowR9PTA263kcR/rfWxYHBV53g=
